{
  "object": {
    "pins": [
      {
        "package": "Purchases",
        "repositoryURL": "https://github.com/RevenueCat/purchases-ios",
        "state": {
          "branch": null,
          "revision": "a35fa92a09bb34c94aa550b9d0c23a092d1b683d",
          "version": "3.12.5"
        }
      },
      {
        "package": "RMSwiftUI",
        "repositoryURL": "https://github.com/roddymunro/RMSwiftUI",
        "state": {
          "branch": null,
          "revision": "d4da4e4903cd654022058a37cc186a0bf3ed8ca5",
          "version": "1.0.5"
        }
      }
    ]
  },
  "version": 1
}
