{
  "object": {
    "pins": [
      {
        "package": "ConfettiView",
        "repositoryURL": "https://github.com/ziligy/ConfettiView",
        "state": {
          "branch": null,
          "revision": "296020d5553799f0cdf77470138a8822d8e1e133",
          "version": "1.1.0"
        }
      },
      {
        "package": "Purchases",
        "repositoryURL": "https://github.com/RevenueCat/purchases-ios",
        "state": {
          "branch": null,
          "revision": "05b68cb7e69e536fbbfe79c2be529a012485af96",
          "version": "3.12.3"
        }
      },
      {
        "package": "RMSwiftUI",
        "repositoryURL": "https://github.com/roddymunro/RMSwiftUI",
        "state": {
          "branch": null,
          "revision": "d4da4e4903cd654022058a37cc186a0bf3ed8ca5",
          "version": "1.0.5"
        }
      }
    ]
  },
  "version": 1
}
